
Microsoft Visual Studio Solution File, Format Version 12.00
# Visual Studio Version 16
VisualStudioVersion = 16.0.29806.167
MinimumVisualStudioVersion = 10.0.40219.1
Project("{9A19103F-16F7-4668-BE54-9A1E7A4F7556}") = "MegaHack.Core", "MegaHack.Core\MegaHack.Core.csproj", "{A55A173C-A3B6-4CFF-9C12-AD7F1F152D9F}"
EndProject
Project("{FAE04EC0-301F-11D3-BF4B-00C04F79EFBC}") = "MegaHack.Api", "MegaHack.Api\MegaHack.Api.csproj", "{67E246F9-7724-4E86-B68D-B8DD615F6112}"
EndProject
Global
	GlobalSection(SolutionConfigurationPlatforms) = preSolution
		Debug|Any CPU = Debug|Any CPU
		Release|Any CPU = Release|Any CPU
	EndGlobalSection
	GlobalSection(ProjectConfigurationPlatforms) = postSolution
		{A55A173C-A3B6-4CFF-9C12-AD7F1F152D9F}.Debug|Any CPU.ActiveCfg = Debug|Any CPU
		{A55A173C-A3B6-4CFF-9C12-AD7F1F152D9F}.Debug|Any CPU.Build.0 = Debug|Any CPU
		{A55A173C-A3B6-4CFF-9C12-AD7F1F152D9F}.Release|Any CPU.ActiveCfg = Release|Any CPU
		{A55A173C-A3B6-4CFF-9C12-AD7F1F152D9F}.Release|Any CPU.Build.0 = Release|Any CPU
		{67E246F9-7724-4E86-B68D-B8DD615F6112}.Debug|Any CPU.ActiveCfg = Debug|Any CPU
		{67E246F9-7724-4E86-B68D-B8DD615F6112}.Debug|Any CPU.Build.0 = Debug|Any CPU
		{67E246F9-7724-4E86-B68D-B8DD615F6112}.Release|Any CPU.ActiveCfg = Release|Any CPU
		{67E246F9-7724-4E86-B68D-B8DD615F6112}.Release|Any CPU.Build.0 = Release|Any CPU
	EndGlobalSection
	GlobalSection(SolutionProperties) = preSolution
		HideSolutionNode = FALSE
	EndGlobalSection
	GlobalSection(ExtensibilityGlobals) = postSolution
		SolutionGuid = {E2FC5C34-E957-4D90-B467-C8D675E479A4}
	EndGlobalSection
EndGlobal
